
Microsoft Visual Studio Solution File, Format Version 12.00
# Visual Studio 15
Project("{FAE04EC0-301F-11D3-BF4B-00C04F79EFBC}") = "NETCore.RedisExtensions", "src\NETCore.RedisExtensions\NETCore.RedisExtensions.csproj", "{65F36351-9EEF-4975-BA13-D7701EF1093B}"
EndProject
Project("{FAE04EC0-301F-11D3-BF4B-00C04F79EFBC}") = "NETCore.RedisExtensions.Tests", "test\NETCore.RedisExtensions.Tests\NETCore.RedisExtensions.Tests.csproj", "{509CFC57-7384-4339-AA11-749A05ADFB48}"
EndProject
Global
	GlobalSection(SolutionConfigurationPlatforms) = preSolution
		Debug|Any CPU = Debug|Any CPU
		Release|Any CPU = Release|Any CPU
	EndGlobalSection
	GlobalSection(ProjectConfigurationPlatforms) = postSolution
		{65F36351-9EEF-4975-BA13-D7701EF1093B}.Debug|Any CPU.ActiveCfg = Debug|Any CPU
		{65F36351-9EEF-4975-BA13-D7701EF1093B}.Debug|Any CPU.Build.0 = Debug|Any CPU
		{65F36351-9EEF-4975-BA13-D7701EF1093B}.Release|Any CPU.ActiveCfg = Release|Any CPU
		{65F36351-9EEF-4975-BA13-D7701EF1093B}.Release|Any CPU.Build.0 = Release|Any CPU
		{509CFC57-7384-4339-AA11-749A05ADFB48}.Debug|Any CPU.ActiveCfg = Debug|Any CPU
		{509CFC57-7384-4339-AA11-749A05ADFB48}.Debug|Any CPU.Build.0 = Debug|Any CPU
		{509CFC57-7384-4339-AA11-749A05ADFB48}.Release|Any CPU.ActiveCfg = Release|Any CPU
		{509CFC57-7384-4339-AA11-749A05ADFB48}.Release|Any CPU.Build.0 = Release|Any CPU
	EndGlobalSection
EndGlobal
